
Microsoft Visual Studio Solution File, Format Version 12.00
# Visual Studio Version 17
VisualStudioVersion = 17.6.33829.357
MinimumVisualStudioVersion = 10.0.40219.1
Project("{FAE04EC0-301F-11D3-BF4B-00C04F79EFBC}") = "BRCCustomTags", "BRCCustomTags.csproj", "{130726C4-3822-42E1-8F48-3CAB36E935E6}"
EndProject
Global
	GlobalSection(SolutionConfigurationPlatforms) = preSolution
		Debug|Any CPU = Debug|Any CPU
		Release|Any CPU = Release|Any CPU
	EndGlobalSection
	GlobalSection(ProjectConfigurationPlatforms) = postSolution
		{130726C4-3822-42E1-8F48-3CAB36E935E6}.Debug|Any CPU.ActiveCfg = Debug|Any CPU
		{130726C4-3822-42E1-8F48-3CAB36E935E6}.Debug|Any CPU.Build.0 = Debug|Any CPU
		{130726C4-3822-42E1-8F48-3CAB36E935E6}.Release|Any CPU.ActiveCfg = Release|Any CPU
		{130726C4-3822-42E1-8F48-3CAB36E935E6}.Release|Any CPU.Build.0 = Release|Any CPU
	EndGlobalSection
	GlobalSection(SolutionProperties) = preSolution
		HideSolutionNode = FALSE
	EndGlobalSection
	GlobalSection(ExtensibilityGlobals) = postSolution
		SolutionGuid = {4CB41D92-681B-4351-AA98-2CC00CCFB342}
	EndGlobalSection
EndGlobal
